{
  "name": "sprang-angular-decorators",
  "version": "1.0.1",
  "lockfileVersion": 1,
  "requires": true,
  "dependencies": {
    "@types/angular": {
      "version": "1.6.51",
      "resolved": "https://registry.npmjs.org/@types/angular/-/angular-1.6.51.tgz",
      "integrity": "sha512-wYU+/zlJWih7ZmonWVjGQ18tG7GboI9asMNjRBM5fpIFJWXSioQttCTw9qGL44cP82ghM8sCV9apEqm1zBDq2w==",
      "dev": true
    },
    "@types/es6-shim": {
      "version": "0.31.39",
      "resolved": "https://registry.npmjs.org/@types/es6-shim/-/es6-shim-0.31.39.tgz",
      "integrity": "sha512-z2JtmHE1wg75JTdT1qWGvW4eDOk6DUW1Exdzrs+8QTPFttkdTr4pKVzLLCCAOUC8i/KiG+QtkSEteQ5hDxwbpg==",
      "dev": true
    },
    "@types/lodash": {
      "version": "4.14.118",
      "resolved": "https://registry.npmjs.org/@types/lodash/-/lodash-4.14.118.tgz",
      "integrity": "sha512-iiJbKLZbhSa6FYRip/9ZDX6HXhayXLDGY2Fqws9cOkEQ6XeKfaxB0sC541mowZJueYyMnVUmmG+al5/4fCDrgw==",
      "dev": true
    },
    "es6-shim": {
      "version": "0.35.4",
      "resolved": "https://registry.npmjs.org/es6-shim/-/es6-shim-0.35.4.tgz",
      "integrity": "sha512-oJidbXjN/VWXZJs41E9JEqWzcFbjt43JupimIoVX82Thzt5qy1CiYezdhRmWkj3KOuwJ106IG/ZZrcFC6fgIUQ=="
    },
    "lodash": {
      "version": "4.17.11",
      "resolved": "https://registry.npmjs.org/lodash/-/lodash-4.17.11.tgz",
      "integrity": "sha512-cQKh8igo5QUhZ7lg38DYWAxMvjSAKG0A8wGSVimP07SIUEK2UO+arSRKbRZWtelMtN5V0Hkwh5ryOto/SshYIg=="
    },
    "sprang-decorators": {
      "version": "1.0.0",
      "resolved": "https://registry.npmjs.org/sprang-decorators/-/sprang-decorators-1.0.0.tgz",
      "integrity": "sha512-Td+g8w62sLU3uzRaDnprh22UX2BG33z8Q9yjEKU1O7a5LVOfL+wIN1XbkqkE/306WR09QPliCK3Qg3LF6bfGWQ==",
      "requires": {
        "es6-shim": "^0.35.4",
        "lodash": "^4.17.11",
        "sprang-styled-console": "^1.0.0"
      }
    },
    "sprang-styled-console": {
      "version": "1.0.0",
      "resolved": "https://registry.npmjs.org/sprang-styled-console/-/sprang-styled-console-1.0.0.tgz",
      "integrity": "sha512-zxGeD5JhLWHEEOdepXOSi9wgDMDXLs+VuLPG5GSPLy1vGEWhwN238YpIYwiYL4zJriZbZgyh5L285fuDGXCQiA=="
    },
    "typescript": {
      "version": "3.2.2",
      "resolved": "https://registry.npmjs.org/typescript/-/typescript-3.2.2.tgz",
      "integrity": "sha512-VCj5UiSyHBjwfYacmDuc/NOk4QQixbE+Wn7MFJuS0nRuPQbof132Pw4u53dm264O8LPc2MVsc7RJNml5szurkg==",
      "dev": true
    }
  }
}
